
Microsoft Visual Studio Solution File, Format Version 12.00
# Visual Studio 15
VisualStudioVersion = 15.0.28307.1145
MinimumVisualStudioVersion = 10.0.40219.1
Project("{FAE04EC0-301F-11D3-BF4B-00C04F79EFBC}") = "LocalApplicationDataGathering", "LocalApplicationDataGathering\LocalApplicationDataGathering.csproj", "{4507BFD1-B1A8-4118-BF49-DD9486BC2FFF}"
EndProject
Project("{FAE04EC0-301F-11D3-BF4B-00C04F79EFBC}") = "UA Client Library", "UaClientApi\UA Client Library.csproj", "{42E9198C-ED2C-4BC8-B0A1-55D91D8F1E90}"
EndProject
Project("{FAE04EC0-301F-11D3-BF4B-00C04F79EFBC}") = "UA Core Library", "UaCoreApi\Core\UA Core Library.csproj", "{7543AFCB-F5AF-44AF-83C9-23164474C1E9}"
EndProject
Project("{FAE04EC0-301F-11D3-BF4B-00C04F79EFBC}") = "PostgreConnection", "PostgreConnection\PostgreConnection.csproj", "{06696590-AB7C-4B4A-A064-C70B39FCE8FF}"
EndProject
Global
	GlobalSection(SolutionConfigurationPlatforms) = preSolution
		Debug|Any CPU = Debug|Any CPU
		Release|Any CPU = Release|Any CPU
	EndGlobalSection
	GlobalSection(ProjectConfigurationPlatforms) = postSolution
		{4507BFD1-B1A8-4118-BF49-DD9486BC2FFF}.Debug|Any CPU.ActiveCfg = Debug|Any CPU
		{4507BFD1-B1A8-4118-BF49-DD9486BC2FFF}.Debug|Any CPU.Build.0 = Debug|Any CPU
		{4507BFD1-B1A8-4118-BF49-DD9486BC2FFF}.Release|Any CPU.ActiveCfg = Release|Any CPU
		{4507BFD1-B1A8-4118-BF49-DD9486BC2FFF}.Release|Any CPU.Build.0 = Release|Any CPU
		{42E9198C-ED2C-4BC8-B0A1-55D91D8F1E90}.Debug|Any CPU.ActiveCfg = Debug|Any CPU
		{42E9198C-ED2C-4BC8-B0A1-55D91D8F1E90}.Debug|Any CPU.Build.0 = Debug|Any CPU
		{42E9198C-ED2C-4BC8-B0A1-55D91D8F1E90}.Release|Any CPU.ActiveCfg = Release|Any CPU
		{42E9198C-ED2C-4BC8-B0A1-55D91D8F1E90}.Release|Any CPU.Build.0 = Release|Any CPU
		{7543AFCB-F5AF-44AF-83C9-23164474C1E9}.Debug|Any CPU.ActiveCfg = Debug|Any CPU
		{7543AFCB-F5AF-44AF-83C9-23164474C1E9}.Debug|Any CPU.Build.0 = Debug|Any CPU
		{7543AFCB-F5AF-44AF-83C9-23164474C1E9}.Release|Any CPU.ActiveCfg = Release|Any CPU
		{7543AFCB-F5AF-44AF-83C9-23164474C1E9}.Release|Any CPU.Build.0 = Release|Any CPU
		{06696590-AB7C-4B4A-A064-C70B39FCE8FF}.Debug|Any CPU.ActiveCfg = Debug|Any CPU
		{06696590-AB7C-4B4A-A064-C70B39FCE8FF}.Debug|Any CPU.Build.0 = Debug|Any CPU
		{06696590-AB7C-4B4A-A064-C70B39FCE8FF}.Release|Any CPU.ActiveCfg = Release|Any CPU
		{06696590-AB7C-4B4A-A064-C70B39FCE8FF}.Release|Any CPU.Build.0 = Release|Any CPU
	EndGlobalSection
	GlobalSection(SolutionProperties) = preSolution
		HideSolutionNode = FALSE
	EndGlobalSection
	GlobalSection(ExtensibilityGlobals) = postSolution
		SolutionGuid = {4120CBC3-4C9E-44B8-8CA0-6863341D1702}
	EndGlobalSection
EndGlobal
